
Microsoft Visual Studio Solution File, Format Version 12.00
# Visual Studio 15
VisualStudioVersion = 15.0.28307.329
MinimumVisualStudioVersion = 10.0.40219.1
Project("{FAE04EC0-301F-11D3-BF4B-00C04F79EFBC}") = "Delivery.Functions", "Delivery.Functions\Delivery.Functions.csproj", "{4D1A434D-A623-43C0-B31B-22AA8153432F}"
EndProject
Project("{9A19103F-16F7-4668-BE54-9A1E7A4F7556}") = "DeliveryApp.Model", "..\..\client\DeliveryApp\DeliveryApp.Model\DeliveryApp.Model.csproj", "{8FF5FFB1-9B96-41FE-8C9B-69220A350914}"
EndProject
Global
	GlobalSection(SolutionConfigurationPlatforms) = preSolution
		Debug|Any CPU = Debug|Any CPU
		Release|Any CPU = Release|Any CPU
	EndGlobalSection
	GlobalSection(ProjectConfigurationPlatforms) = postSolution
		{4D1A434D-A623-43C0-B31B-22AA8153432F}.Debug|Any CPU.ActiveCfg = Debug|Any CPU
		{4D1A434D-A623-43C0-B31B-22AA8153432F}.Debug|Any CPU.Build.0 = Debug|Any CPU
		{4D1A434D-A623-43C0-B31B-22AA8153432F}.Release|Any CPU.ActiveCfg = Release|Any CPU
		{4D1A434D-A623-43C0-B31B-22AA8153432F}.Release|Any CPU.Build.0 = Release|Any CPU
		{8FF5FFB1-9B96-41FE-8C9B-69220A350914}.Debug|Any CPU.ActiveCfg = Debug|Any CPU
		{8FF5FFB1-9B96-41FE-8C9B-69220A350914}.Debug|Any CPU.Build.0 = Debug|Any CPU
		{8FF5FFB1-9B96-41FE-8C9B-69220A350914}.Release|Any CPU.ActiveCfg = Release|Any CPU
		{8FF5FFB1-9B96-41FE-8C9B-69220A350914}.Release|Any CPU.Build.0 = Release|Any CPU
	EndGlobalSection
	GlobalSection(SolutionProperties) = preSolution
		HideSolutionNode = FALSE
	EndGlobalSection
	GlobalSection(ExtensibilityGlobals) = postSolution
		SolutionGuid = {BFFB19AA-88FC-42CD-8EAF-0309C91B5190}
	EndGlobalSection
EndGlobal
